
Microsoft Visual Studio Solution File, Format Version 12.00
# Visual Studio Version 17
VisualStudioVersion = 17.3.32929.385
MinimumVisualStudioVersion = 10.0.40219.1
Project("{2150E333-8FDC-42A3-9474-1A3956D46DE8}") = "2 - Core", "2 - Core", "{70F8A7FD-E142-4C3B-8AEF-71CF3916EEDA}"
EndProject
Project("{9A19103F-16F7-4668-BE54-9A1E7A4F7556}") = "GoFit.Domain", "src\GoFit.Domain\GoFit.Domain.csproj", "{51984FE4-FC2A-4F78-A632-4327B7FB5462}"
EndProject
Project("{9A19103F-16F7-4668-BE54-9A1E7A4F7556}") = "GoFit.Application", "src\GoFit.Application\GoFit.Application.csproj", "{75060077-4282-4BA1-B06B-2AE145C586BC}"
EndProject
Project("{2150E333-8FDC-42A3-9474-1A3956D46DE8}") = "1 - Presentation", "1 - Presentation", "{CB01A615-5F53-4B02-B5C6-023ACCEE6226}"
EndProject
Project("{9A19103F-16F7-4668-BE54-9A1E7A4F7556}") = "GoFit.Api", "src\GoFit.Api\GoFit.Api.csproj", "{90705F16-373D-45AC-A376-0BD689BFAB3A}"
EndProject
Project("{2150E333-8FDC-42A3-9474-1A3956D46DE8}") = "3 - Infrastructure", "3 - Infrastructure", "{AA677D86-6999-4AB0-81D6-0249C5076818}"
EndProject
Project("{9A19103F-16F7-4668-BE54-9A1E7A4F7556}") = "GoFit.Infrastructure", "src\GoFit.Infrastructure\GoFit.Infrastructure.csproj", "{22424EAE-7944-4770-9E6D-A651D4C56EC2}"
EndProject
Project("{2150E333-8FDC-42A3-9474-1A3956D46DE8}") = "src", "src", "{BBB79C4C-F362-4272-AE9A-1D508F9CA46C}"
EndProject
Project("{2150E333-8FDC-42A3-9474-1A3956D46DE8}") = "tests", "tests", "{820D463F-A809-48CD-908B-A76F299A3F04}"
EndProject
Project("{9A19103F-16F7-4668-BE54-9A1E7A4F7556}") = "GoFit.Api.UnitTests", "tests\GoFit.Api.UnitTests\GoFit.Api.UnitTests.csproj", "{9AE23E1C-AF8B-41A8-84F5-696434B83B1D}"
EndProject
Project("{FAE04EC0-301F-11D3-BF4B-00C04F79EFBC}") = "GoFit.Hangfire", "GoFit.Hangfire\GoFit.Hangfire.csproj", "{9B983781-FC93-4301-8272-662BB005BC11}"
EndProject
Global
	GlobalSection(SolutionConfigurationPlatforms) = preSolution
		Debug|Any CPU = Debug|Any CPU
		Release|Any CPU = Release|Any CPU
	EndGlobalSection
	GlobalSection(ProjectConfigurationPlatforms) = postSolution
		{51984FE4-FC2A-4F78-A632-4327B7FB5462}.Debug|Any CPU.ActiveCfg = Debug|Any CPU
		{51984FE4-FC2A-4F78-A632-4327B7FB5462}.Debug|Any CPU.Build.0 = Debug|Any CPU
		{51984FE4-FC2A-4F78-A632-4327B7FB5462}.Release|Any CPU.ActiveCfg = Release|Any CPU
		{51984FE4-FC2A-4F78-A632-4327B7FB5462}.Release|Any CPU.Build.0 = Release|Any CPU
		{75060077-4282-4BA1-B06B-2AE145C586BC}.Debug|Any CPU.ActiveCfg = Debug|Any CPU
		{75060077-4282-4BA1-B06B-2AE145C586BC}.Debug|Any CPU.Build.0 = Debug|Any CPU
		{75060077-4282-4BA1-B06B-2AE145C586BC}.Release|Any CPU.ActiveCfg = Release|Any CPU
		{75060077-4282-4BA1-B06B-2AE145C586BC}.Release|Any CPU.Build.0 = Release|Any CPU
		{90705F16-373D-45AC-A376-0BD689BFAB3A}.Debug|Any CPU.ActiveCfg = Debug|Any CPU
		{90705F16-373D-45AC-A376-0BD689BFAB3A}.Debug|Any CPU.Build.0 = Debug|Any CPU
		{90705F16-373D-45AC-A376-0BD689BFAB3A}.Release|Any CPU.ActiveCfg = Release|Any CPU
		{90705F16-373D-45AC-A376-0BD689BFAB3A}.Release|Any CPU.Build.0 = Release|Any CPU
		{22424EAE-7944-4770-9E6D-A651D4C56EC2}.Debug|Any CPU.ActiveCfg = Debug|Any CPU
		{22424EAE-7944-4770-9E6D-A651D4C56EC2}.Debug|Any CPU.Build.0 = Debug|Any CPU
		{22424EAE-7944-4770-9E6D-A651D4C56EC2}.Release|Any CPU.ActiveCfg = Release|Any CPU
		{22424EAE-7944-4770-9E6D-A651D4C56EC2}.Release|Any CPU.Build.0 = Release|Any CPU
		{9AE23E1C-AF8B-41A8-84F5-696434B83B1D}.Debug|Any CPU.ActiveCfg = Debug|Any CPU
		{9AE23E1C-AF8B-41A8-84F5-696434B83B1D}.Debug|Any CPU.Build.0 = Debug|Any CPU
		{9AE23E1C-AF8B-41A8-84F5-696434B83B1D}.Release|Any CPU.ActiveCfg = Release|Any CPU
		{9AE23E1C-AF8B-41A8-84F5-696434B83B1D}.Release|Any CPU.Build.0 = Release|Any CPU
		{9B983781-FC93-4301-8272-662BB005BC11}.Debug|Any CPU.ActiveCfg = Debug|Any CPU
		{9B983781-FC93-4301-8272-662BB005BC11}.Debug|Any CPU.Build.0 = Debug|Any CPU
		{9B983781-FC93-4301-8272-662BB005BC11}.Release|Any CPU.ActiveCfg = Release|Any CPU
		{9B983781-FC93-4301-8272-662BB005BC11}.Release|Any CPU.Build.0 = Release|Any CPU
	EndGlobalSection
	GlobalSection(SolutionProperties) = preSolution
		HideSolutionNode = FALSE
	EndGlobalSection
	GlobalSection(NestedProjects) = preSolution
		{70F8A7FD-E142-4C3B-8AEF-71CF3916EEDA} = {BBB79C4C-F362-4272-AE9A-1D508F9CA46C}
		{51984FE4-FC2A-4F78-A632-4327B7FB5462} = {70F8A7FD-E142-4C3B-8AEF-71CF3916EEDA}
		{75060077-4282-4BA1-B06B-2AE145C586BC} = {70F8A7FD-E142-4C3B-8AEF-71CF3916EEDA}
		{CB01A615-5F53-4B02-B5C6-023ACCEE6226} = {BBB79C4C-F362-4272-AE9A-1D508F9CA46C}
		{90705F16-373D-45AC-A376-0BD689BFAB3A} = {CB01A615-5F53-4B02-B5C6-023ACCEE6226}
		{AA677D86-6999-4AB0-81D6-0249C5076818} = {BBB79C4C-F362-4272-AE9A-1D508F9CA46C}
		{22424EAE-7944-4770-9E6D-A651D4C56EC2} = {AA677D86-6999-4AB0-81D6-0249C5076818}
		{9AE23E1C-AF8B-41A8-84F5-696434B83B1D} = {820D463F-A809-48CD-908B-A76F299A3F04}
		{9B983781-FC93-4301-8272-662BB005BC11} = {AA677D86-6999-4AB0-81D6-0249C5076818}
	EndGlobalSection
	GlobalSection(ExtensibilityGlobals) = postSolution
		SolutionGuid = {741A8256-B99B-47C5-A865-E84B766866CC}
	EndGlobalSection
EndGlobal
